PODS:
  - Appboy-iOS-SDK (3.3.3):
    - Appboy-iOS-SDK/UI (= 3.3.3)
  - Appboy-iOS-SDK/Core (3.3.3)
  - Appboy-iOS-SDK/Feedback (3.3.3):
    - Appboy-iOS-SDK/Core
  - Appboy-iOS-SDK/InAppMessage (3.3.3):
    - Appboy-iOS-SDK/Core
    - SDWebImage/GIF (~> 4.0)
  - Appboy-iOS-SDK/UI (3.3.3):
    - Appboy-iOS-SDK/Core
    - Appboy-iOS-SDK/Feedback
    - Appboy-iOS-SDK/InAppMessage
  - FLAnimatedImage (1.0.12)
  - React (0.53.3):
    - React/Core (= 0.53.3)
  - react-native-appboy-sdk (1.5.2):
    - Appboy-iOS-SDK (~> 3.3.3)
    - React
  - React/Core (0.53.3):
    - yoga (= 0.53.3.React)
  - React/DevSupport (0.53.3):
    - React/Core
    - React/RCTWebSocket
  - React/fishhook (0.53.3)
  - React/RCTBlob (0.53.3):
    - React/Core
  - React/RCTNetwork (0.53.3):
    - React/Core
  - React/RCTText (0.53.3):
    - React/Core
  - React/RCTWebSocket (0.53.3):
    - React/Core
    - React/fishhook
    - React/RCTBlob
  - SDWebImage/Core (4.3.3)
  - SDWebImage/GIF (4.3.3):
    - FLAnimatedImage (~> 1.0)
    - SDWebImage/Core
  - yoga (0.53.3.React)

DEPENDENCIES:
  - react-native-appboy-sdk (from `../node_modules/react-native-appboy-sdk`)
  - React/Core (from `../node_modules/react-native`)
  - React/DevSupport (from `../node_modules/react-native`)
  - React/RCTNetwork (from `../node_modules/react-native`)
  - React/RCTText (from `../node_modules/react-native`)
  - React/RCTWebSocket (from `../node_modules/react-native`)
  - yoga (from `../node_modules/react-native/ReactCommon/yoga`)

EXTERNAL SOURCES:
  React:
    :path: ../node_modules/react-native
  react-native-appboy-sdk:
    :path: ../node_modules/react-native-appboy-sdk
  yoga:
    :path: ../node_modules/react-native/ReactCommon/yoga

SPEC CHECKSUMS:
  Appboy-iOS-SDK: e0114384b8025253456b8d4222c757b60f08c223
  FLAnimatedImage: 4a0b56255d9b05f18b6dd7ee06871be5d3b89e31
  React: af66244a7d630be2aef03b4ddfe3570e4eff39fc
  react-native-appboy-sdk: 8838ae4baf86f01a5bdb6f6044bfb3f73095a26b
  SDWebImage: de4d90b5bff3571eae7bd16202b1f43135409fa5
  yoga: 55da126afc384965b96bff46652464373b330add

PODFILE CHECKSUM: 83ab0c1e4052d87bd06d28280828f7138834ef5c

COCOAPODS: 1.4.0
