PODS:
  - Appboy-iOS-SDK (3.1.0):
    - Appboy-iOS-SDK/UI (= 3.1.0)
  - Appboy-iOS-SDK/Core (3.1.0)
  - Appboy-iOS-SDK/UI (3.1.0):
    - Appboy-iOS-SDK/Core
    - SDWebImage/GIF (~> 4.0)
  - FLAnimatedImage (1.0.12)
  - react-native-appboy-sdk (1.3.0):
    - Appboy-iOS-SDK (~> 3.0)
  - React/Core (0.48.3):
    - Yoga (= 0.48.3.React)
  - React/DevSupport (0.48.3):
    - React/Core
    - React/RCTWebSocket
  - React/RCTBlob (0.48.3):
    - React/Core
  - React/RCTNetwork (0.48.3):
    - React/Core
  - React/RCTText (0.48.3):
    - React/Core
  - React/RCTWebSocket (0.48.3):
    - React/Core
    - React/RCTBlob
  - SDWebImage/Core (4.1.0)
  - SDWebImage/GIF (4.1.0):
    - FLAnimatedImage (~> 1.0)
    - SDWebImage/Core
  - Yoga (0.48.3.React)

DEPENDENCIES:
  - react-native-appboy-sdk (from `../node_modules/react-native-appboy-sdk`)
  - React/Core (from `../node_modules/react-native`)
  - React/DevSupport (from `../node_modules/react-native`)
  - React/RCTNetwork (from `../node_modules/react-native`)
  - React/RCTText (from `../node_modules/react-native`)
  - React/RCTWebSocket (from `../node_modules/react-native`)
  - Yoga (from `../node_modules/react-native/ReactCommon/yoga`)

EXTERNAL SOURCES:
  React:
    :path: ../node_modules/react-native
  react-native-appboy-sdk:
    :path: ../node_modules/react-native-appboy-sdk
  Yoga:
    :path: ../node_modules/react-native/ReactCommon/yoga

SPEC CHECKSUMS:
  Appboy-iOS-SDK: d840847796f07c5a7e8eb0f9dde717f406f709fa
  FLAnimatedImage: 4a0b56255d9b05f18b6dd7ee06871be5d3b89e31
  React: 748a63a3a08cef2864657ad752a5ca7393e07fc2
  react-native-appboy-sdk: 0abfbf9acb5d324a098ff6103e002e688fe37e07
  SDWebImage: 0e435c14e402a6730315a0fb79f95e68654d55a4
  Yoga: b3337798e426de90f48662cf0fe2ee1a844075e1

PODFILE CHECKSUM: 1c47ef13e4eeaec44ed71d3260b1fadd43fcdc40

COCOAPODS: 1.3.1
